// !$*UTF8*$!
{
	archiveVersion = 1;
	classes = {
	};
	objectVersion = 51;
	objects = {

/* Begin PBXBuildFile section */
		A1200A6C22A07DF5001FF208 /* AppDelegate.swift in Sources */ = {isa = PBXBuildFile; fileRef = A1200A6B22A07DF5001FF208 /* AppDelegate.swift */; };
		A1200A7122A07DF5001FF208 /* Main.storyboard in Resources */ = {isa = PBXBuildFile; fileRef = A1200A6F22A07DF5001FF208 /* Main.storyboard */; };
		A1200A7422A07DF5001FF208 /* MyMovies.xcdatamodeld in Sources */ = {isa = PBXBuildFile; fileRef = A1200A7222A07DF5001FF208 /* MyMovies.xcdatamodeld */; };
		A1200A7622A07DF7001FF208 /* Assets.xcassets in Resources */ = {isa = PBXBuildFile; fileRef = A1200A7522A07DF7001FF208 /* Assets.xcassets */; };
		A1200A7922A07DF7001FF208 /* LaunchScreen.storyboard in Resources */ = {isa = PBXBuildFile; fileRef = A1200A7722A07DF7001FF208 /* LaunchScreen.storyboard */; };
		A1641F3822AAFBC20036E1B7 /* DiscoverCell.swift in Sources */ = {isa = PBXBuildFile; fileRef = A1641F3722AAFBC20036E1B7 /* DiscoverCell.swift */; };
		A1641F3F22AB159B0036E1B7 /* MovieDetailsInteractor.swift in Sources */ = {isa = PBXBuildFile; fileRef = A1641F3922AB159B0036E1B7 /* MovieDetailsInteractor.swift */; };
		A1641F4022AB159B0036E1B7 /* MovieDetailsModels.swift in Sources */ = {isa = PBXBuildFile; fileRef = A1641F3A22AB159B0036E1B7 /* MovieDetailsModels.swift */; };
		A1641F4122AB159B0036E1B7 /* MovieDetailsPresenter.swift in Sources */ = {isa = PBXBuildFile; fileRef = A1641F3B22AB159B0036E1B7 /* MovieDetailsPresenter.swift */; };
		A1641F4222AB159B0036E1B7 /* MovieDetailsRouter.swift in Sources */ = {isa = PBXBuildFile; fileRef = A1641F3C22AB159B0036E1B7 /* MovieDetailsRouter.swift */; };
		A1641F4322AB159B0036E1B7 /* MovieDetailsViewController.swift in Sources */ = {isa = PBXBuildFile; fileRef = A1641F3D22AB159B0036E1B7 /* MovieDetailsViewController.swift */; };
		A1641F4422AB159B0036E1B7 /* MovieDetailsWorker.swift in Sources */ = {isa = PBXBuildFile; fileRef = A1641F3E22AB159B0036E1B7 /* MovieDetailsWorker.swift */; };
		A192725322A6B2E2006718A8 /* DiscoverInteractor.swift in Sources */ = {isa = PBXBuildFile; fileRef = A192724D22A6B2E2006718A8 /* DiscoverInteractor.swift */; };
		A192725422A6B2E2006718A8 /* DiscoverModels.swift in Sources */ = {isa = PBXBuildFile; fileRef = A192724E22A6B2E2006718A8 /* DiscoverModels.swift */; };
		A192725522A6B2E2006718A8 /* DiscoverPresenter.swift in Sources */ = {isa = PBXBuildFile; fileRef = A192724F22A6B2E2006718A8 /* DiscoverPresenter.swift */; };
		A192725622A6B2E2006718A8 /* DiscoverRouter.swift in Sources */ = {isa = PBXBuildFile; fileRef = A192725022A6B2E2006718A8 /* DiscoverRouter.swift */; };
		A192725722A6B2E2006718A8 /* DiscoverViewController.swift in Sources */ = {isa = PBXBuildFile; fileRef = A192725122A6B2E2006718A8 /* DiscoverViewController.swift */; };
		A192725822A6B2E2006718A8 /* DiscoverWorker.swift in Sources */ = {isa = PBXBuildFile; fileRef = A192725222A6B2E2006718A8 /* DiscoverWorker.swift */; };
		A192726022A6B30B006718A8 /* FavoriteInteractor.swift in Sources */ = {isa = PBXBuildFile; fileRef = A192725A22A6B30B006718A8 /* FavoriteInteractor.swift */; };
		A192726122A6B30B006718A8 /* FavoriteModels.swift in Sources */ = {isa = PBXBuildFile; fileRef = A192725B22A6B30B006718A8 /* FavoriteModels.swift */; };
		A192726222A6B30B006718A8 /* FavoritePresenter.swift in Sources */ = {isa = PBXBuildFile; fileRef = A192725C22A6B30B006718A8 /* FavoritePresenter.swift */; };
		A192726322A6B30B006718A8 /* FavoriteRouter.swift in Sources */ = {isa = PBXBuildFile; fileRef = A192725D22A6B30B006718A8 /* FavoriteRouter.swift */; };
		A192726422A6B30B006718A8 /* FavoriteViewController.swift in Sources */ = {isa = PBXBuildFile; fileRef = A192725E22A6B30B006718A8 /* FavoriteViewController.swift */; };
		A192726522A6B30B006718A8 /* FavoriteWorker.swift in Sources */ = {isa = PBXBuildFile; fileRef = A192725F22A6B30B006718A8 /* FavoriteWorker.swift */; };
		A1A4E0FF22ADB1B300913512 /* LocalMovieDetails+CoreDataClass.swift in Sources */ = {isa = PBXBuildFile; fileRef = A1A4E0FD22ADB1B300913512 /* LocalMovieDetails+CoreDataClass.swift */; };
		A1A4E10022ADB1B300913512 /* LocalMovieDetails+CoreDataProperties.swift in Sources */ = {isa = PBXBuildFile; fileRef = A1A4E0FE22ADB1B300913512 /* LocalMovieDetails+CoreDataProperties.swift */; };
		A1A4E10322ADC6AD00913512 /* FavoriteCell.swift in Sources */ = {isa = PBXBuildFile; fileRef = A1A4E10222ADC6AD00913512 /* FavoriteCell.swift */; };
		A1A6E63422AC240F00DA7DE8 /* MainPresenter.swift in Sources */ = {isa = PBXBuildFile; fileRef = A1A6E63322AC240F00DA7DE8 /* MainPresenter.swift */; };
		A1A6E63622AC25A000DA7DE8 /* MainDisplayLogic.swift in Sources */ = {isa = PBXBuildFile; fileRef = A1A6E63522AC25A000DA7DE8 /* MainDisplayLogic.swift */; };
		A1A6E63822AC4C9600DA7DE8 /* DataController.swift in Sources */ = {isa = PBXBuildFile; fileRef = A1A6E63722AC4C9600DA7DE8 /* DataController.swift */; };
		A1E2A74722AC6FFB00EE2839 /* LocalMovie+CoreDataClass.swift in Sources */ = {isa = PBXBuildFile; fileRef = A1E2A74522AC6FFB00EE2839 /* LocalMovie+CoreDataClass.swift */; };
		A1E2A74822AC6FFB00EE2839 /* LocalMovie+CoreDataProperties.swift in Sources */ = {isa = PBXBuildFile; fileRef = A1E2A74622AC6FFB00EE2839 /* LocalMovie+CoreDataProperties.swift */; };
		A1E5CA5122A9C7EE00471129 /* Mapper.swift in Sources */ = {isa = PBXBuildFile; fileRef = A1E5CA5022A9C7EE00471129 /* Mapper.swift */; };
		A1E5CA5322A9CA6900471129 /* ApiConfiguration.swift in Sources */ = {isa = PBXBuildFile; fileRef = A1E5CA5222A9CA6900471129 /* ApiConfiguration.swift */; };
		FA58870CC52C9CBB726A2832 /* Pods_MyMovies.framework in Frameworks */ = {isa = PBXBuildFile; fileRef = 4DCA7AEB7875A3C565C95299 /* Pods_MyMovies.framework */; };
/* End PBXBuildFile section */

/* Begin PBXFileReference section */
		4DCA7AEB7875A3C565C95299 /* Pods_MyMovies.framework */ = {isa = PBXFileReference; explicitFileType = wrapper.framework; includeInIndex = 0; path = Pods_MyMovies.framework; sourceTree = BUILT_PRODUCTS_DIR; };
		7982C2840DD659DAD2B63B71 /* Pods-MyMovies.debug.xcconfig */ = {isa = PBXFileReference; includeInIndex = 1; lastKnownFileType = text.xcconfig; name = "Pods-MyMovies.debug.xcconfig"; path = "Target Support Files/Pods-MyMovies/Pods-MyMovies.debug.xcconfig"; sourceTree = "<group>"; };
		A1200A6822A07DF5001FF208 /* MyMovies.app */ = {isa = PBXFileReference; explicitFileType = wrapper.application; includeInIndex = 0; path = MyMovies.app; sourceTree = BUILT_PRODUCTS_DIR; };
		A1200A6B22A07DF5001FF208 /* AppDelegate.swift */ = {isa = PBXFileReference; lastKnownFileType = sourcecode.swift; path = AppDelegate.swift; sourceTree = "<group>"; };
		A1200A7022A07DF5001FF208 /* Base */ = {isa = PBXFileReference; lastKnownFileType = file.storyboard; name = Base; path = Base.lproj/Main.storyboard; sourceTree = "<group>"; };
		A1200A7322A07DF5001FF208 /* MyMovies.xcdatamodel */ = {isa = PBXFileReference; lastKnownFileType = wrapper.xcdatamodel; path = MyMovies.xcdatamodel; sourceTree = "<group>"; };
		A1200A7522A07DF7001FF208 /* Assets.xcassets */ = {isa = PBXFileReference; lastKnownFileType = folder.assetcatalog; path = Assets.xcassets; sourceTree = "<group>"; };
		A1200A7822A07DF7001FF208 /* Base */ = {isa = PBXFileReference; lastKnownFileType = file.storyboard; name = Base; path = Base.lproj/LaunchScreen.storyboard; sourceTree = "<group>"; };
		A1200A7A22A07DF7001FF208 /* Info.plist */ = {isa = PBXFileReference; lastKnownFileType = text.plist.xml; path = Info.plist; sourceTree = "<group>"; };
		A1641F3722AAFBC20036E1B7 /* DiscoverCell.swift */ = {isa = PBXFileReference; lastKnownFileType = sourcecode.swift; path = DiscoverCell.swift; sourceTree = "<group>"; };
		A1641F3922AB159B0036E1B7 /* MovieDetailsInteractor.swift */ = {isa = PBXFileReference; lastKnownFileType = sourcecode.swift; path = MovieDetailsInteractor.swift; sourceTree = "<group>"; };
		A1641F3A22AB159B0036E1B7 /* MovieDetailsModels.swift */ = {isa = PBXFileReference; lastKnownFileType = sourcecode.swift; path = MovieDetailsModels.swift; sourceTree = "<group>"; };
		A1641F3B22AB159B0036E1B7 /* MovieDetailsPresenter.swift */ = {isa = PBXFileReference; lastKnownFileType = sourcecode.swift; path = MovieDetailsPresenter.swift; sourceTree = "<group>"; };
		A1641F3C22AB159B0036E1B7 /* MovieDetailsRouter.swift */ = {isa = PBXFileReference; lastKnownFileType = sourcecode.swift; path = MovieDetailsRouter.swift; sourceTree = "<group>"; };
		A1641F3D22AB159B0036E1B7 /* MovieDetailsViewController.swift */ = {isa = PBXFileReference; lastKnownFileType = sourcecode.swift; path = MovieDetailsViewController.swift; sourceTree = "<group>"; };
		A1641F3E22AB159B0036E1B7 /* MovieDetailsWorker.swift */ = {isa = PBXFileReference; lastKnownFileType = sourcecode.swift; path = MovieDetailsWorker.swift; sourceTree = "<group>"; };
		A192724D22A6B2E2006718A8 /* DiscoverInteractor.swift */ = {isa = PBXFileReference; lastKnownFileType = sourcecode.swift; path = DiscoverInteractor.swift; sourceTree = "<group>"; };
		A192724E22A6B2E2006718A8 /* DiscoverModels.swift */ = {isa = PBXFileReference; lastKnownFileType = sourcecode.swift; path = DiscoverModels.swift; sourceTree = "<group>"; };
		A192724F22A6B2E2006718A8 /* DiscoverPresenter.swift */ = {isa = PBXFileReference; lastKnownFileType = sourcecode.swift; path = DiscoverPresenter.swift; sourceTree = "<group>"; };
		A192725022A6B2E2006718A8 /* DiscoverRouter.swift */ = {isa = PBXFileReference; lastKnownFileType = sourcecode.swift; path = DiscoverRouter.swift; sourceTree = "<group>"; };
		A192725122A6B2E2006718A8 /* DiscoverViewController.swift */ = {isa = PBXFileReference; lastKnownFileType = sourcecode.swift; path = DiscoverViewController.swift; sourceTree = "<group>"; };
		A192725222A6B2E2006718A8 /* DiscoverWorker.swift */ = {isa = PBXFileReference; lastKnownFileType = sourcecode.swift; path = DiscoverWorker.swift; sourceTree = "<group>"; };
		A192725A22A6B30B006718A8 /* FavoriteInteractor.swift */ = {isa = PBXFileReference; lastKnownFileType = sourcecode.swift; path = FavoriteInteractor.swift; sourceTree = "<group>"; };
		A192725B22A6B30B006718A8 /* FavoriteModels.swift */ = {isa = PBXFileReference; lastKnownFileType = sourcecode.swift; path = FavoriteModels.swift; sourceTree = "<group>"; };
		A192725C22A6B30B006718A8 /* FavoritePresenter.swift */ = {isa = PBXFileReference; lastKnownFileType = sourcecode.swift; path = FavoritePresenter.swift; sourceTree = "<group>"; };
		A192725D22A6B30B006718A8 /* FavoriteRouter.swift */ = {isa = PBXFileReference; lastKnownFileType = sourcecode.swift; path = FavoriteRouter.swift; sourceTree = "<group>"; };
		A192725E22A6B30B006718A8 /* FavoriteViewController.swift */ = {isa = PBXFileReference; lastKnownFileType = sourcecode.swift; path = FavoriteViewController.swift; sourceTree = "<group>"; };
		A192725F22A6B30B006718A8 /* FavoriteWorker.swift */ = {isa = PBXFileReference; lastKnownFileType = sourcecode.swift; path = FavoriteWorker.swift; sourceTree = "<group>"; };
		A1A4E0FD22ADB1B300913512 /* LocalMovieDetails+CoreDataClass.swift */ = {isa = PBXFileReference; lastKnownFileType = sourcecode.swift; path = "LocalMovieDetails+CoreDataClass.swift"; sourceTree = "<group>"; };
		A1A4E0FE22ADB1B300913512 /* LocalMovieDetails+CoreDataProperties.swift */ = {isa = PBXFileReference; lastKnownFileType = sourcecode.swift; path = "LocalMovieDetails+CoreDataProperties.swift"; sourceTree = "<group>"; };
		A1A4E10222ADC6AD00913512 /* FavoriteCell.swift */ = {isa = PBXFileReference; lastKnownFileType = sourcecode.swift; path = FavoriteCell.swift; sourceTree = "<group>"; };
		A1A6E63322AC240F00DA7DE8 /* MainPresenter.swift */ = {isa = PBXFileReference; lastKnownFileType = sourcecode.swift; path = MainPresenter.swift; sourceTree = "<group>"; };
		A1A6E63522AC25A000DA7DE8 /* MainDisplayLogic.swift */ = {isa = PBXFileReference; lastKnownFileType = sourcecode.swift; path = MainDisplayLogic.swift; sourceTree = "<group>"; };
		A1A6E63722AC4C9600DA7DE8 /* DataController.swift */ = {isa = PBXFileReference; lastKnownFileType = sourcecode.swift; path = DataController.swift; sourceTree = "<group>"; };
		A1E2A74522AC6FFB00EE2839 /* LocalMovie+CoreDataClass.swift */ = {isa = PBXFileReference; lastKnownFileType = sourcecode.swift; path = "LocalMovie+CoreDataClass.swift"; sourceTree = "<group>"; };
		A1E2A74622AC6FFB00EE2839 /* LocalMovie+CoreDataProperties.swift */ = {isa = PBXFileReference; lastKnownFileType = sourcecode.swift; path = "LocalMovie+CoreDataProperties.swift"; sourceTree = "<group>"; };
		A1E5CA5022A9C7EE00471129 /* Mapper.swift */ = {isa = PBXFileReference; lastKnownFileType = sourcecode.swift; path = Mapper.swift; sourceTree = "<group>"; };
		A1E5CA5222A9CA6900471129 /* ApiConfiguration.swift */ = {isa = PBXFileReference; lastKnownFileType = sourcecode.swift; path = ApiConfiguration.swift; sourceTree = "<group>"; };
		EC6A0BCF9523D69E2DA56DDE /* Pods-MyMovies.release.xcconfig */ = {isa = PBXFileReference; includeInIndex = 1; lastKnownFileType = text.xcconfig; name = "Pods-MyMovies.release.xcconfig"; path = "Target Support Files/Pods-MyMovies/Pods-MyMovies.release.xcconfig"; sourceTree = "<group>"; };
/* End PBXFileReference section */

/* Begin PBXFrameworksBuildPhase section */
		A1200A6522A07DF5001FF208 /* Frameworks */ = {
			isa = PBXFrameworksBuildPhase;
			buildActionMask = 2147483647;
			files = (
				FA58870CC52C9CBB726A2832 /* Pods_MyMovies.framework in Frameworks */,
			);
			runOnlyForDeploymentPostprocessing = 0;
		};
/* End PBXFrameworksBuildPhase section */

/* Begin PBXGroup section */
		1DABC70DF78C6F8252E0AFCB /* Pods */ = {
			isa = PBXGroup;
			children = (
				7982C2840DD659DAD2B63B71 /* Pods-MyMovies.debug.xcconfig */,
				EC6A0BCF9523D69E2DA56DDE /* Pods-MyMovies.release.xcconfig */,
			);
			path = Pods;
			sourceTree = "<group>";
		};
		A1200A5F22A07DF5001FF208 = {
			isa = PBXGroup;
			children = (
				A1200A6A22A07DF5001FF208 /* MyMovies */,
				A1200A6922A07DF5001FF208 /* Products */,
				1DABC70DF78C6F8252E0AFCB /* Pods */,
				D33B786E794F2F8ACFF58281 /* Frameworks */,
			);
			sourceTree = "<group>";
		};
		A1200A6922A07DF5001FF208 /* Products */ = {
			isa = PBXGroup;
			children = (
				A1200A6822A07DF5001FF208 /* MyMovies.app */,
			);
			name = Products;
			sourceTree = "<group>";
		};
		A1200A6A22A07DF5001FF208 /* MyMovies */ = {
			isa = PBXGroup;
			children = (
				A1A6E63222AC23C000DA7DE8 /* common */,
				A1641F4522AB15B70036E1B7 /* moviedetails */,
				A192725922A6B2EE006718A8 /* favorite */,
				A192724C22A6B2BD006718A8 /* discover */,
				A1200A6B22A07DF5001FF208 /* AppDelegate.swift */,
				A1200A6F22A07DF5001FF208 /* Main.storyboard */,
				A1200A7522A07DF7001FF208 /* Assets.xcassets */,
				A1200A7722A07DF7001FF208 /* LaunchScreen.storyboard */,
				A1200A7A22A07DF7001FF208 /* Info.plist */,
				A1200A7222A07DF5001FF208 /* MyMovies.xcdatamodeld */,
				A1E5CA5222A9CA6900471129 /* ApiConfiguration.swift */,
			);
			path = MyMovies;
			sourceTree = "<group>";
		};
		A1641F3622AAFBA30036E1B7 /* customviews */ = {
			isa = PBXGroup;
			children = (
				A1641F3722AAFBC20036E1B7 /* DiscoverCell.swift */,
			);
			path = customviews;
			sourceTree = "<group>";
		};
		A1641F4522AB15B70036E1B7 /* moviedetails */ = {
			isa = PBXGroup;
			children = (
				A1641F3922AB159B0036E1B7 /* MovieDetailsInteractor.swift */,
				A1641F3A22AB159B0036E1B7 /* MovieDetailsModels.swift */,
				A1641F3B22AB159B0036E1B7 /* MovieDetailsPresenter.swift */,
				A1641F3C22AB159B0036E1B7 /* MovieDetailsRouter.swift */,
				A1641F3D22AB159B0036E1B7 /* MovieDetailsViewController.swift */,
				A1641F3E22AB159B0036E1B7 /* MovieDetailsWorker.swift */,
			);
			name = moviedetails;
			path = "New Group";
			sourceTree = "<group>";
		};
		A192724C22A6B2BD006718A8 /* discover */ = {
			isa = PBXGroup;
			children = (
				A1641F3622AAFBA30036E1B7 /* customviews */,
				A192724D22A6B2E2006718A8 /* DiscoverInteractor.swift */,
				A192724E22A6B2E2006718A8 /* DiscoverModels.swift */,
				A192724F22A6B2E2006718A8 /* DiscoverPresenter.swift */,
				A192725022A6B2E2006718A8 /* DiscoverRouter.swift */,
				A192725122A6B2E2006718A8 /* DiscoverViewController.swift */,
				A192725222A6B2E2006718A8 /* DiscoverWorker.swift */,
			);
			path = discover;
			sourceTree = "<group>";
		};
		A192725922A6B2EE006718A8 /* favorite */ = {
			isa = PBXGroup;
			children = (
				A1A4E10122ADC68200913512 /* customView */,
				A192725A22A6B30B006718A8 /* FavoriteInteractor.swift */,
				A192725B22A6B30B006718A8 /* FavoriteModels.swift */,
				A192725C22A6B30B006718A8 /* FavoritePresenter.swift */,
				A192725D22A6B30B006718A8 /* FavoriteRouter.swift */,
				A192725E22A6B30B006718A8 /* FavoriteViewController.swift */,
				A192725F22A6B30B006718A8 /* FavoriteWorker.swift */,
			);
			path = favorite;
			sourceTree = "<group>";
		};
		A1A4E10122ADC68200913512 /* customView */ = {
			isa = PBXGroup;
			children = (
				A1A4E10222ADC6AD00913512 /* FavoriteCell.swift */,
			);
			path = customView;
			sourceTree = "<group>";
		};
		A1A6E63222AC23C000DA7DE8 /* common */ = {
			isa = PBXGroup;
			children = (
				A1A4E0FD22ADB1B300913512 /* LocalMovieDetails+CoreDataClass.swift */,
				A1A4E0FE22ADB1B300913512 /* LocalMovieDetails+CoreDataProperties.swift */,
				A1E2A74522AC6FFB00EE2839 /* LocalMovie+CoreDataClass.swift */,
				A1E2A74622AC6FFB00EE2839 /* LocalMovie+CoreDataProperties.swift */,
				A1E5CA5022A9C7EE00471129 /* Mapper.swift */,
				A1A6E63322AC240F00DA7DE8 /* MainPresenter.swift */,
				A1A6E63522AC25A000DA7DE8 /* MainDisplayLogic.swift */,
				A1A6E63722AC4C9600DA7DE8 /* DataController.swift */,
			);
			path = common;
			sourceTree = "<group>";
		};
		D33B786E794F2F8ACFF58281 /* Frameworks */ = {
			isa = PBXGroup;
			children = (
				4DCA7AEB7875A3C565C95299 /* Pods_MyMovies.framework */,
			);
			name = Frameworks;
			sourceTree = "<group>";
		};
/* End PBXGroup section */

/* Begin PBXNativeTarget section */
		A1200A6722A07DF5001FF208 /* MyMovies */ = {
			isa = PBXNativeTarget;
			buildConfigurationList = A1200A7D22A07DF7001FF208 /* Build configuration list for PBXNativeTarget "MyMovies" */;
			buildPhases = (
				922C22CED4F024072DBBF453 /* [CP] Check Pods Manifest.lock */,
				A1200A6422A07DF5001FF208 /* Sources */,
				A1200A6522A07DF5001FF208 /* Frameworks */,
				A1200A6622A07DF5001FF208 /* Resources */,
				BF6C7D4F262D8EE144E4A47D /* [CP] Embed Pods Frameworks */,
			);
			buildRules = (
			);
			dependencies = (
			);
			name = MyMovies;
			productName = MyMovies;
			productReference = A1200A6822A07DF5001FF208 /* MyMovies.app */;
			productType = "com.apple.product-type.application";
		};
/* End PBXNativeTarget section */

/* Begin PBXProject section */
		A1200A6022A07DF5001FF208 /* Project object */ = {
			isa = PBXProject;
			attributes = {
				LastSwiftUpdateCheck = 1000;
				LastUpgradeCheck = 1000;
				ORGANIZATIONNAME = Hazem;
				TargetAttributes = {
					A1200A6722A07DF5001FF208 = {
						CreatedOnToolsVersion = 10.0;
					};
				};
			};
			buildConfigurationList = A1200A6322A07DF5001FF208 /* Build configuration list for PBXProject "MyMovies" */;
			compatibilityVersion = "Xcode 9.3";
			developmentRegion = en;
			hasScannedForEncodings = 0;
			knownRegions = (
				en,
				Base,
			);
			mainGroup = A1200A5F22A07DF5001FF208;
			productRefGroup = A1200A6922A07DF5001FF208 /* Products */;
			projectDirPath = "";
			projectRoot = "";
			targets = (
				A1200A6722A07DF5001FF208 /* MyMovies */,
			);
		};
/* End PBXProject section */

/* Begin PBXResourcesBuildPhase section */
		A1200A6622A07DF5001FF208 /* Resources */ = {
			isa = PBXResourcesBuildPhase;
			buildActionMask = 2147483647;
			files = (
				A1200A7922A07DF7001FF208 /* LaunchScreen.storyboard in Resources */,
				A1200A7622A07DF7001FF208 /* Assets.xcassets in Resources */,
				A1200A7122A07DF5001FF208 /* Main.storyboard in Resources */,
			);
			runOnlyForDeploymentPostprocessing = 0;
		};
/* End PBXResourcesBuildPhase section */

/* Begin PBXShellScriptBuildPhase section */
		922C22CED4F024072DBBF453 /* [CP] Check Pods Manifest.lock */ = {
			isa = PBXShellScriptBuildPhase;
			buildActionMask = 2147483647;
			files = (
			);
			inputFileListPaths = (
			);
			inputPaths = (
				"${PODS_PODFILE_DIR_PATH}/Podfile.lock",
				"${PODS_ROOT}/Manifest.lock",
			);
			name = "[CP] Check Pods Manifest.lock";
			outputFileListPaths = (
			);
			outputPaths = (
				"$(DERIVED_FILE_DIR)/Pods-MyMovies-checkManifestLockResult.txt",
			);
			runOnlyForDeploymentPostprocessing = 0;
			shellPath = /bin/sh;
			shellScript = "diff \"${PODS_PODFILE_DIR_PATH}/Podfile.lock\" \"${PODS_ROOT}/Manifest.lock\" > /dev/null\nif [ $? != 0 ] ; then\n    # print error to STDERR\n    echo \"error: The sandbox is not in sync with the Podfile.lock. Run 'pod install' or update your CocoaPods installation.\" >&2\n    exit 1\nfi\n# This output is used by Xcode 'outputs' to avoid re-running this script phase.\necho \"SUCCESS\" > \"${SCRIPT_OUTPUT_FILE_0}\"\n";
			showEnvVarsInLog = 0;
		};
		BF6C7D4F262D8EE144E4A47D /* [CP] Embed Pods Frameworks */ = {
			isa = PBXShellScriptBuildPhase;
			buildActionMask = 2147483647;
			files = (
			);
			inputFileListPaths = (
				"${PODS_ROOT}/Target Support Files/Pods-MyMovies/Pods-MyMovies-frameworks-${CONFIGURATION}-input-files.xcfilelist",
			);
			name = "[CP] Embed Pods Frameworks";
			outputFileListPaths = (
				"${PODS_ROOT}/Target Support Files/Pods-MyMovies/Pods-MyMovies-frameworks-${CONFIGURATION}-output-files.xcfilelist",
			);
			runOnlyForDeploymentPostprocessing = 0;
			shellPath = /bin/sh;
			shellScript = "\"${PODS_ROOT}/Target Support Files/Pods-MyMovies/Pods-MyMovies-frameworks.sh\"\n";
			showEnvVarsInLog = 0;
		};
/* End PBXShellScriptBuildPhase section */

/* Begin PBXSourcesBuildPhase section */
		A1200A6422A07DF5001FF208 /* Sources */ = {
			isa = PBXSourcesBuildPhase;
			buildActionMask = 2147483647;
			files = (
				A192726322A6B30B006718A8 /* FavoriteRouter.swift in Sources */,
				A192726522A6B30B006718A8 /* FavoriteWorker.swift in Sources */,
				A1641F4122AB159B0036E1B7 /* MovieDetailsPresenter.swift in Sources */,
				A1200A7422A07DF5001FF208 /* MyMovies.xcdatamodeld in Sources */,
				A1641F3822AAFBC20036E1B7 /* DiscoverCell.swift in Sources */,
				A1A6E63622AC25A000DA7DE8 /* MainDisplayLogic.swift in Sources */,
				A192725322A6B2E2006718A8 /* DiscoverInteractor.swift in Sources */,
				A1200A6C22A07DF5001FF208 /* AppDelegate.swift in Sources */,
				A192726022A6B30B006718A8 /* FavoriteInteractor.swift in Sources */,
				A1641F4222AB159B0036E1B7 /* MovieDetailsRouter.swift in Sources */,
				A1A4E10022ADB1B300913512 /* LocalMovieDetails+CoreDataProperties.swift in Sources */,
				A1A6E63822AC4C9600DA7DE8 /* DataController.swift in Sources */,
				A1A4E0FF22ADB1B300913512 /* LocalMovieDetails+CoreDataClass.swift in Sources */,
				A1E5CA5322A9CA6900471129 /* ApiConfiguration.swift in Sources */,
				A192726422A6B30B006718A8 /* FavoriteViewController.swift in Sources */,
				A192725822A6B2E2006718A8 /* DiscoverWorker.swift in Sources */,
				A192726222A6B30B006718A8 /* FavoritePresenter.swift in Sources */,
				A192725522A6B2E2006718A8 /* DiscoverPresenter.swift in Sources */,
				A192726122A6B30B006718A8 /* FavoriteModels.swift in Sources */,
				A1E2A74822AC6FFB00EE2839 /* LocalMovie+CoreDataProperties.swift in Sources */,
				A1641F4322AB159B0036E1B7 /* MovieDetailsViewController.swift in Sources */,
				A192725722A6B2E2006718A8 /* DiscoverViewController.swift in Sources */,
				A1E5CA5122A9C7EE00471129 /* Mapper.swift in Sources */,
				A1641F4422AB159B0036E1B7 /* MovieDetailsWorker.swift in Sources */,
				A192725622A6B2E2006718A8 /* DiscoverRouter.swift in Sources */,
				A1E2A74722AC6FFB00EE2839 /* LocalMovie+CoreDataClass.swift in Sources */,
				A1A4E10322ADC6AD00913512 /* FavoriteCell.swift in Sources */,
				A1A6E63422AC240F00DA7DE8 /* MainPresenter.swift in Sources */,
				A1641F4022AB159B0036E1B7 /* MovieDetailsModels.swift in Sources */,
				A192725422A6B2E2006718A8 /* DiscoverModels.swift in Sources */,
				A1641F3F22AB159B0036E1B7 /* MovieDetailsInteractor.swift in Sources */,
			);
			runOnlyForDeploymentPostprocessing = 0;
		};
/* End PBXSourcesBuildPhase section */

/* Begin PBXVariantGroup section */
		A1200A6F22A07DF5001FF208 /* Main.storyboard */ = {
			isa = PBXVariantGroup;
			children = (
				A1200A7022A07DF5001FF208 /* Base */,
			);
			name = Main.storyboard;
			sourceTree = "<group>";
		};
		A1200A7722A07DF7001FF208 /* LaunchScreen.storyboard */ = {
			isa = PBXVariantGroup;
			children = (
				A1200A7822A07DF7001FF208 /* Base */,
			);
			name = LaunchScreen.storyboard;
			sourceTree = "<group>";
		};
/* End PBXVariantGroup section */

/* Begin XCBuildConfiguration section */
		A1200A7B22A07DF7001FF208 /* Debug */ = {
			isa = XCBuildConfiguration;
			buildSettings = {
				ALWAYS_SEARCH_USER_PATHS = NO;
				CLANG_ANALYZER_NONNULL = YES;
				CLANG_ANALYZER_NUMBER_OBJECT_CONVERSION = YES_AGGRESSIVE;
				CLANG_CXX_LANGUAGE_STANDARD = "gnu++14";
				CLANG_CXX_LIBRARY = "libc++";
				CLANG_ENABLE_MODULES = YES;
				CLANG_ENABLE_OBJC_ARC = YES;
				CLANG_ENABLE_OBJC_WEAK = YES;
				CLANG_WARN_BLOCK_CAPTURE_AUTORELEASING = YES;
				CLANG_WARN_BOOL_CONVERSION = YES;
				CLANG_WARN_COMMA = YES;
				CLANG_WARN_CONSTANT_CONVERSION = YES;
				CLANG_WARN_DEPRECATED_OBJC_IMPLEMENTATIONS = YES;
				CLANG_WARN_DIRECT_OBJC_ISA_USAGE = YES_ERROR;
				CLANG_WARN_DOCUMENTATION_COMMENTS = YES;
				CLANG_WARN_EMPTY_BODY = YES;
				CLANG_WARN_ENUM_CONVERSION = YES;
				CLANG_WARN_INFINITE_RECURSION = YES;
				CLANG_WARN_INT_CONVERSION = YES;
				CLANG_WARN_NON_LITERAL_NULL_CONVERSION = YES;
				CLANG_WARN_OBJC_IMPLICIT_RETAIN_SELF = YES;
				CLANG_WARN_OBJC_LITERAL_CONVERSION = YES;
				CLANG_WARN_OBJC_ROOT_CLASS = YES_ERROR;
				CLANG_WARN_RANGE_LOOP_ANALYSIS = YES;
				CLANG_WARN_STRICT_PROTOTYPES = YES;
				CLANG_WARN_SUSPICIOUS_MOVE = YES;
				CLANG_WARN_UNGUARDED_AVAILABILITY = YES_AGGRESSIVE;
				CLANG_WARN_UNREACHABLE_CODE = YES;
				CLANG_WARN__DUPLICATE_METHOD_MATCH = YES;
				CODE_SIGN_IDENTITY = "iPhone Developer";
				COPY_PHASE_STRIP = NO;
				DEBUG_INFORMATION_FORMAT = dwarf;
				ENABLE_STRICT_OBJC_MSGSEND = YES;
				ENABLE_TESTABILITY = YES;
				GCC_C_LANGUAGE_STANDARD = gnu11;
				GCC_DYNAMIC_NO_PIC = NO;
				GCC_NO_COMMON_BLOCKS = YES;
				GCC_OPTIMIZATION_LEVEL = 0;
				GCC_PREPROCESSOR_DEFINITIONS = (
					"DEBUG=1",
					"$(inherited)",
				);
				GCC_WARN_64_TO_32_BIT_CONVERSION = YES;
				GCC_WARN_ABOUT_RETURN_TYPE = YES_ERROR;
				GCC_WARN_UNDECLARED_SELECTOR = YES;
				GCC_WARN_UNINITIALIZED_AUTOS = YES_AGGRESSIVE;
				GCC_WARN_UNUSED_FUNCTION = YES;
				GCC_WARN_UNUSED_VARIABLE = YES;
				IPHONEOS_DEPLOYMENT_TARGET = 12.0;
				MTL_ENABLE_DEBUG_INFO = INCLUDE_SOURCE;
				MTL_FAST_MATH = YES;
				ONLY_ACTIVE_ARCH = YES;
				SDKROOT = iphoneos;
				SWIFT_ACTIVE_COMPILATION_CONDITIONS = DEBUG;
				SWIFT_OPTIMIZATION_LEVEL = "-Onone";
			};
			name = Debug;
		};
		A1200A7C22A07DF7001FF208 /* Release */ = {
			isa = XCBuildConfiguration;
			buildSettings = {
				ALWAYS_SEARCH_USER_PATHS = NO;
				CLANG_ANALYZER_NONNULL = YES;
				CLANG_ANALYZER_NUMBER_OBJECT_CONVERSION = YES_AGGRESSIVE;
				CLANG_CXX_LANGUAGE_STANDARD = "gnu++14";
				CLANG_CXX_LIBRARY = "libc++";
				CLANG_ENABLE_MODULES = YES;
				CLANG_ENABLE_OBJC_ARC = YES;
				CLANG_ENABLE_OBJC_WEAK = YES;
				CLANG_WARN_BLOCK_CAPTURE_AUTORELEASING = YES;
				CLANG_WARN_BOOL_CONVERSION = YES;
				CLANG_WARN_COMMA = YES;
				CLANG_WARN_CONSTANT_CONVERSION = YES;
				CLANG_WARN_DEPRECATED_OBJC_IMPLEMENTATIONS = YES;
				CLANG_WARN_DIRECT_OBJC_ISA_USAGE = YES_ERROR;
				CLANG_WARN_DOCUMENTATION_COMMENTS = YES;
				CLANG_WARN_EMPTY_BODY = YES;
				CLANG_WARN_ENUM_CONVERSION = YES;
				CLANG_WARN_INFINITE_RECURSION = YES;
				CLANG_WARN_INT_CONVERSION = YES;
				CLANG_WARN_NON_LITERAL_NULL_CONVERSION = YES;
				CLANG_WARN_OBJC_IMPLICIT_RETAIN_SELF = YES;
				CLANG_WARN_OBJC_LITERAL_CONVERSION = YES;
				CLANG_WARN_OBJC_ROOT_CLASS = YES_ERROR;
				CLANG_WARN_RANGE_LOOP_ANALYSIS = YES;
				CLANG_WARN_STRICT_PROTOTYPES = YES;
				CLANG_WARN_SUSPICIOUS_MOVE = YES;
				CLANG_WARN_UNGUARDED_AVAILABILITY = YES_AGGRESSIVE;
				CLANG_WARN_UNREACHABLE_CODE = YES;
				CLANG_WARN__DUPLICATE_METHOD_MATCH = YES;
				CODE_SIGN_IDENTITY = "iPhone Developer";
				COPY_PHASE_STRIP = NO;
				DEBUG_INFORMATION_FORMAT = "dwarf-with-dsym";
				ENABLE_NS_ASSERTIONS = NO;
				ENABLE_STRICT_OBJC_MSGSEND = YES;
				GCC_C_LANGUAGE_STANDARD = gnu11;
				GCC_NO_COMMON_BLOCKS = YES;
				GCC_WARN_64_TO_32_BIT_CONVERSION = YES;
				GCC_WARN_ABOUT_RETURN_TYPE = YES_ERROR;
				GCC_WARN_UNDECLARED_SELECTOR = YES;
				GCC_WARN_UNINITIALIZED_AUTOS = YES_AGGRESSIVE;
				GCC_WARN_UNUSED_FUNCTION = YES;
				GCC_WARN_UNUSED_VARIABLE = YES;
				IPHONEOS_DEPLOYMENT_TARGET = 12.0;
				MTL_ENABLE_DEBUG_INFO = NO;
				MTL_FAST_MATH = YES;
				SDKROOT = iphoneos;
				SWIFT_COMPILATION_MODE = wholemodule;
				SWIFT_OPTIMIZATION_LEVEL = "-O";
				VALIDATE_PRODUCT = YES;
			};
			name = Release;
		};
		A1200A7E22A07DF7001FF208 /* Debug */ = {
			isa = XCBuildConfiguration;
			baseConfigurationReference = 7982C2840DD659DAD2B63B71 /* Pods-MyMovies.debug.xcconfig */;
			buildSettings = {
				ASSETCATALOG_COMPILER_APPICON_NAME = AppIcon;
				CODE_SIGN_STYLE = Automatic;
				INFOPLIST_FILE = MyMovies/Info.plist;
				LD_RUNPATH_SEARCH_PATHS = (
					"$(inherited)",
					"@executable_path/Frameworks",
				);
				PRODUCT_BUNDLE_IDENTIFIER = com.udacity.iosnanodegree.mymovies.MyMovies;
				PRODUCT_NAME = "$(TARGET_NAME)";
				SWIFT_VERSION = 4.2;
				TARGETED_DEVICE_FAMILY = "1,2";
			};
			name = Debug;
		};
		A1200A7F22A07DF7001FF208 /* Release */ = {
			isa = XCBuildConfiguration;
			baseConfigurationReference = EC6A0BCF9523D69E2DA56DDE /* Pods-MyMovies.release.xcconfig */;
			buildSettings = {
				ASSETCATALOG_COMPILER_APPICON_NAME = AppIcon;
				CODE_SIGN_STYLE = Automatic;
				INFOPLIST_FILE = MyMovies/Info.plist;
				LD_RUNPATH_SEARCH_PATHS = (
					"$(inherited)",
					"@executable_path/Frameworks",
				);
				PRODUCT_BUNDLE_IDENTIFIER = com.udacity.iosnanodegree.mymovies.MyMovies;
				PRODUCT_NAME = "$(TARGET_NAME)";
				SWIFT_VERSION = 4.2;
				TARGETED_DEVICE_FAMILY = "1,2";
			};
			name = Release;
		};
/* End XCBuildConfiguration section */

/* Begin XCConfigurationList section */
		A1200A6322A07DF5001FF208 /* Build configuration list for PBXProject "MyMovies" */ = {
			isa = XCConfigurationList;
			buildConfigurations = (
				A1200A7B22A07DF7001FF208 /* Debug */,
				A1200A7C22A07DF7001FF208 /* Release */,
			);
			defaultConfigurationIsVisible = 0;
			defaultConfigurationName = Release;
		};
		A1200A7D22A07DF7001FF208 /* Build configuration list for PBXNativeTarget "MyMovies" */ = {
			isa = XCConfigurationList;
			buildConfigurations = (
				A1200A7E22A07DF7001FF208 /* Debug */,
				A1200A7F22A07DF7001FF208 /* Release */,
			);
			defaultConfigurationIsVisible = 0;
			defaultConfigurationName = Release;
		};
/* End XCConfigurationList section */

/* Begin XCVersionGroup section */
		A1200A7222A07DF5001FF208 /* MyMovies.xcdatamodeld */ = {
			isa = XCVersionGroup;
			children = (
				A1200A7322A07DF5001FF208 /* MyMovies.xcdatamodel */,
			);
			currentVersion = A1200A7322A07DF5001FF208 /* MyMovies.xcdatamodel */;
			path = MyMovies.xcdatamodeld;
			sourceTree = "<group>";
			versionGroupType = wrapper.xcdatamodel;
		};
/* End XCVersionGroup section */
	};
	rootObject = A1200A6022A07DF5001FF208 /* Project object */;
}
